
Microsoft Visual Studio Solution File, Format Version 12.00
# Visual Studio Version 16
VisualStudioVersion = 16.0.29920.165
MinimumVisualStudioVersion = 10.0.40219.1
Project("{FAE04EC0-301F-11D3-BF4B-00C04F79EFBC}") = "SSLVerifier.WPF", "SSLVerifier.WPF\SSLVerifier.WPF.csproj", "{DDD76A2A-151D-44D9-8D66-FF7630AA4BC4}"
EndProject
Project("{FAE04EC0-301F-11D3-BF4B-00C04F79EFBC}") = "SSLVerifier.Core", "SSLVerifier.Core\SSLVerifier.Core.csproj", "{CC7009E4-1446-43D9-900D-5B2013CAECDC}"
EndProject
Global
	GlobalSection(SolutionConfigurationPlatforms) = preSolution
		Debug|Any CPU = Debug|Any CPU
		Debug|x64 = Debug|x64
		Debug|x86 = Debug|x86
		Release|Any CPU = Release|Any CPU
		Release|x64 = Release|x64
		Release|x86 = Release|x86
	EndGlobalSection
	GlobalSection(ProjectConfigurationPlatforms) = postSolution
		{DDD76A2A-151D-44D9-8D66-FF7630AA4BC4}.Debug|Any CPU.ActiveCfg = Debug|Any CPU
		{DDD76A2A-151D-44D9-8D66-FF7630AA4BC4}.Debug|Any CPU.Build.0 = Debug|Any CPU
		{DDD76A2A-151D-44D9-8D66-FF7630AA4BC4}.Debug|x64.ActiveCfg = Debug|x64
		{DDD76A2A-151D-44D9-8D66-FF7630AA4BC4}.Debug|x64.Build.0 = Debug|x64
		{DDD76A2A-151D-44D9-8D66-FF7630AA4BC4}.Debug|x86.ActiveCfg = Debug|x86
		{DDD76A2A-151D-44D9-8D66-FF7630AA4BC4}.Debug|x86.Build.0 = Debug|x86
		{DDD76A2A-151D-44D9-8D66-FF7630AA4BC4}.Release|Any CPU.ActiveCfg = Release|Any CPU
		{DDD76A2A-151D-44D9-8D66-FF7630AA4BC4}.Release|Any CPU.Build.0 = Release|Any CPU
		{DDD76A2A-151D-44D9-8D66-FF7630AA4BC4}.Release|x64.ActiveCfg = Release|x64
		{DDD76A2A-151D-44D9-8D66-FF7630AA4BC4}.Release|x64.Build.0 = Release|x64
		{DDD76A2A-151D-44D9-8D66-FF7630AA4BC4}.Release|x86.ActiveCfg = Release|x86
		{DDD76A2A-151D-44D9-8D66-FF7630AA4BC4}.Release|x86.Build.0 = Release|x86
		{CC7009E4-1446-43D9-900D-5B2013CAECDC}.Debug|Any CPU.ActiveCfg = Debug|Any CPU
		{CC7009E4-1446-43D9-900D-5B2013CAECDC}.Debug|Any CPU.Build.0 = Debug|Any CPU
		{CC7009E4-1446-43D9-900D-5B2013CAECDC}.Debug|x64.ActiveCfg = Debug|Any CPU
		{CC7009E4-1446-43D9-900D-5B2013CAECDC}.Debug|x64.Build.0 = Debug|Any CPU
		{CC7009E4-1446-43D9-900D-5B2013CAECDC}.Debug|x86.ActiveCfg = Debug|Any CPU
		{CC7009E4-1446-43D9-900D-5B2013CAECDC}.Debug|x86.Build.0 = Debug|Any CPU
		{CC7009E4-1446-43D9-900D-5B2013CAECDC}.Release|Any CPU.ActiveCfg = Release|Any CPU
		{CC7009E4-1446-43D9-900D-5B2013CAECDC}.Release|Any CPU.Build.0 = Release|Any CPU
		{CC7009E4-1446-43D9-900D-5B2013CAECDC}.Release|x64.ActiveCfg = Release|Any CPU
		{CC7009E4-1446-43D9-900D-5B2013CAECDC}.Release|x64.Build.0 = Release|Any CPU
		{CC7009E4-1446-43D9-900D-5B2013CAECDC}.Release|x86.ActiveCfg = Release|Any CPU
		{CC7009E4-1446-43D9-900D-5B2013CAECDC}.Release|x86.Build.0 = Release|Any CPU
	EndGlobalSection
	GlobalSection(SolutionProperties) = preSolution
		HideSolutionNode = FALSE
	EndGlobalSection
	GlobalSection(ExtensibilityGlobals) = postSolution
		SolutionGuid = {BD46C1ED-9CCE-4BDA-848F-3F62390C1E5B}
	EndGlobalSection
EndGlobal
