
Microsoft Visual Studio Solution File, Format Version 12.00
# Visual Studio 15
VisualStudioVersion = 15.0.27428.2037
MinimumVisualStudioVersion = 10.0.40219.1
Project("{FAE04EC0-301F-11D3-BF4B-00C04F79EFBC}") = "SSLVerifier.WPF", "SSLVerifier.WPF\SSLVerifier.WPF.csproj", "{DDD76A2A-151D-44D9-8D66-FF7630AA4BC4}"
EndProject
Global
	GlobalSection(SolutionConfigurationPlatforms) = preSolution
		Debug|Any CPU = Debug|Any CPU
		Release|Any CPU = Release|Any CPU
	EndGlobalSection
	GlobalSection(ProjectConfigurationPlatforms) = postSolution
		{DDD76A2A-151D-44D9-8D66-FF7630AA4BC4}.Debug|Any CPU.ActiveCfg = Debug|Any CPU
		{DDD76A2A-151D-44D9-8D66-FF7630AA4BC4}.Debug|Any CPU.Build.0 = Debug|Any CPU
		{DDD76A2A-151D-44D9-8D66-FF7630AA4BC4}.Release|Any CPU.ActiveCfg = Release|Any CPU
		{DDD76A2A-151D-44D9-8D66-FF7630AA4BC4}.Release|Any CPU.Build.0 = Release|Any CPU
	EndGlobalSection
	GlobalSection(SolutionProperties) = preSolution
		HideSolutionNode = FALSE
	EndGlobalSection
	GlobalSection(ExtensibilityGlobals) = postSolution
		SolutionGuid = {BD46C1ED-9CCE-4BDA-848F-3F62390C1E5B}
	EndGlobalSection
EndGlobal
